
Microsoft Visual Studio Solution File, Format Version 12.00
# Visual Studio Version 17
VisualStudioVersion = 17.13.36105.23
MinimumVisualStudioVersion = 10.0.40219.1
Project("{FAE04EC0-301F-11D3-BF4B-00C04F79EFBC}") = "ComicHoarder.Blazor", "ComicHoarder.Blazor\ComicHoarder.Blazor.csproj", "{03CD5EB3-6E51-4D0E-AA74-FA0538DC42F9}"
EndProject
Project("{FAE04EC0-301F-11D3-BF4B-00C04F79EFBC}") = "ComicHoarder.Domain", "ComicHoarder.Domain\ComicHoarder.Domain.csproj", "{169C3F3B-A1BB-4658-9E30-8A9D272A7F71}"
EndProject
Project("{FAE04EC0-301F-11D3-BF4B-00C04F79EFBC}") = "ComicHoarder.Infrastructure", "ComicHoarder.Infrastructure\ComicHoarder.Infrastructure.csproj", "{C2CD833F-37E3-4BA2-935C-E665EF1BD730}"
EndProject
Project("{FAE04EC0-301F-11D3-BF4B-00C04F79EFBC}") = "ComicHoarder.Application", "ComicHoarder.Application\ComicHoarder.Application.csproj", "{0EDDDC0E-8641-460A-941D-6D45D34BF942}"
EndProject
Project("{FAE04EC0-301F-11D3-BF4B-00C04F79EFBC}") = "Utility.DBScaffold", "Utility.DBScaffold\Utility.DBScaffold.csproj", "{8359359D-1CFC-4EDE-B257-D1D64E875890}"
EndProject
Project("{FAE04EC0-301F-11D3-BF4B-00C04F79EFBC}") = "ComicHoarder.Infrastructure.ComicVine", "ComicHoarder.Infrastructure.ComicVine\ComicHoarder.Infrastructure.ComicVine.csproj", "{4C09C0BD-9E7A-45B9-AD46-FDEFC816461F}"
EndProject
Project("{2150E333-8FDC-42A3-9474-1A3956D46DE8}") = "Jobs", "Jobs", "{02EA681E-C7D8-13C7-8484-4AC65E1B71E8}"
EndProject
Project("{FAE04EC0-301F-11D3-BF4B-00C04F79EFBC}") = "GetComicsDownloader", "Jobs\GetComicsDownloader\GetComicsDownloader.csproj", "{4C9D7500-81C9-F88B-34EE-5EB28D6CD24C}"
EndProject
Project("{2150E333-8FDC-42A3-9474-1A3956D46DE8}") = "Tests", "Tests", "{82DDB08E-E2A0-4BD7-AD0A-FED1BDAA408E}"
EndProject
Project("{FAE04EC0-301F-11D3-BF4B-00C04F79EFBC}") = "ComicHoarder.Jobs.Tests", "Tests\ComicHoarder.Jobs.Tests\ComicHoarder.Jobs.Tests.csproj", "{75CFC8FD-EA70-4378-B4B5-77689CC1640F}"
EndProject
Global
	GlobalSection(SolutionConfigurationPlatforms) = preSolution
		Debug|Any CPU = Debug|Any CPU
		Release|Any CPU = Release|Any CPU
	EndGlobalSection
	GlobalSection(ProjectConfigurationPlatforms) = postSolution
		{03CD5EB3-6E51-4D0E-AA74-FA0538DC42F9}.Debug|Any CPU.ActiveCfg = Debug|Any CPU
		{03CD5EB3-6E51-4D0E-AA74-FA0538DC42F9}.Debug|Any CPU.Build.0 = Debug|Any CPU
		{03CD5EB3-6E51-4D0E-AA74-FA0538DC42F9}.Release|Any CPU.ActiveCfg = Release|Any CPU
		{03CD5EB3-6E51-4D0E-AA74-FA0538DC42F9}.Release|Any CPU.Build.0 = Release|Any CPU
		{169C3F3B-A1BB-4658-9E30-8A9D272A7F71}.Debug|Any CPU.ActiveCfg = Debug|Any CPU
		{169C3F3B-A1BB-4658-9E30-8A9D272A7F71}.Debug|Any CPU.Build.0 = Debug|Any CPU
		{169C3F3B-A1BB-4658-9E30-8A9D272A7F71}.Release|Any CPU.ActiveCfg = Release|Any CPU
		{169C3F3B-A1BB-4658-9E30-8A9D272A7F71}.Release|Any CPU.Build.0 = Release|Any CPU
		{C2CD833F-37E3-4BA2-935C-E665EF1BD730}.Debug|Any CPU.ActiveCfg = Debug|Any CPU
		{C2CD833F-37E3-4BA2-935C-E665EF1BD730}.Debug|Any CPU.Build.0 = Debug|Any CPU
		{C2CD833F-37E3-4BA2-935C-E665EF1BD730}.Release|Any CPU.ActiveCfg = Release|Any CPU
		{C2CD833F-37E3-4BA2-935C-E665EF1BD730}.Release|Any CPU.Build.0 = Release|Any CPU
		{0EDDDC0E-8641-460A-941D-6D45D34BF942}.Debug|Any CPU.ActiveCfg = Debug|Any CPU
		{0EDDDC0E-8641-460A-941D-6D45D34BF942}.Debug|Any CPU.Build.0 = Debug|Any CPU
		{0EDDDC0E-8641-460A-941D-6D45D34BF942}.Release|Any CPU.ActiveCfg = Release|Any CPU
		{0EDDDC0E-8641-460A-941D-6D45D34BF942}.Release|Any CPU.Build.0 = Release|Any CPU
		{8359359D-1CFC-4EDE-B257-D1D64E875890}.Debug|Any CPU.ActiveCfg = Debug|Any CPU
		{8359359D-1CFC-4EDE-B257-D1D64E875890}.Debug|Any CPU.Build.0 = Debug|Any CPU
		{8359359D-1CFC-4EDE-B257-D1D64E875890}.Release|Any CPU.ActiveCfg = Release|Any CPU
		{8359359D-1CFC-4EDE-B257-D1D64E875890}.Release|Any CPU.Build.0 = Release|Any CPU
		{4C09C0BD-9E7A-45B9-AD46-FDEFC816461F}.Debug|Any CPU.ActiveCfg = Debug|Any CPU
		{4C09C0BD-9E7A-45B9-AD46-FDEFC816461F}.Debug|Any CPU.Build.0 = Debug|Any CPU
		{4C09C0BD-9E7A-45B9-AD46-FDEFC816461F}.Release|Any CPU.ActiveCfg = Release|Any CPU
		{4C09C0BD-9E7A-45B9-AD46-FDEFC816461F}.Release|Any CPU.Build.0 = Release|Any CPU
		{4C9D7500-81C9-F88B-34EE-5EB28D6CD24C}.Debug|Any CPU.ActiveCfg = Debug|Any CPU
		{4C9D7500-81C9-F88B-34EE-5EB28D6CD24C}.Debug|Any CPU.Build.0 = Debug|Any CPU
		{4C9D7500-81C9-F88B-34EE-5EB28D6CD24C}.Release|Any CPU.ActiveCfg = Release|Any CPU
		{4C9D7500-81C9-F88B-34EE-5EB28D6CD24C}.Release|Any CPU.Build.0 = Release|Any CPU
		{75CFC8FD-EA70-4378-B4B5-77689CC1640F}.Debug|Any CPU.ActiveCfg = Debug|Any CPU
		{75CFC8FD-EA70-4378-B4B5-77689CC1640F}.Debug|Any CPU.Build.0 = Debug|Any CPU
		{75CFC8FD-EA70-4378-B4B5-77689CC1640F}.Release|Any CPU.ActiveCfg = Release|Any CPU
		{75CFC8FD-EA70-4378-B4B5-77689CC1640F}.Release|Any CPU.Build.0 = Release|Any CPU
	EndGlobalSection
	GlobalSection(SolutionProperties) = preSolution
		HideSolutionNode = FALSE
	EndGlobalSection
	GlobalSection(NestedProjects) = preSolution
		{4C9D7500-81C9-F88B-34EE-5EB28D6CD24C} = {02EA681E-C7D8-13C7-8484-4AC65E1B71E8}
		{75CFC8FD-EA70-4378-B4B5-77689CC1640F} = {82DDB08E-E2A0-4BD7-AD0A-FED1BDAA408E}
	EndGlobalSection
	GlobalSection(ExtensibilityGlobals) = postSolution
		SolutionGuid = {EBB47A81-C6E5-4ABD-BB0B-1598F1536EC2}
	EndGlobalSection
EndGlobal
